
Microsoft Visual Studio Solution File, Format Version 12.00
# Visual Studio Version 16
VisualStudioVersion = 16.0.28315.86
MinimumVisualStudioVersion = 10.0.40219.1
Project("{2150E333-8FDC-42A3-9474-1A3956D46DE8}") = "Engine", "Engine", "{BE07888D-FFEB-4623-9CAC-2D55747D63F7}"
EndProject
Project("{2150E333-8FDC-42A3-9474-1A3956D46DE8}") = "Games", "Games", "{FEEE5DA2-B85A-4599-8136-C8EA8FA7C440}"
EndProject
Project("{8BC9CEB8-8B4A-11D0-8D11-00A0C91BC942}") = "VolumetricCloud", "Intermediate\ProjectFiles\VolumetricCloud.vcxproj", "{8902066A-C6CD-4838-81B1-5E7474507273}"
EndProject
Project("{8BC9CEB8-8B4A-11D0-8D11-00A0C91BC942}") = "UE4", "Intermediate\ProjectFiles\UE4.vcxproj", "{D73D22E0-8B14-4C47-A10C-42327B7268CC}"
EndProject
Project("{2150E333-8FDC-42A3-9474-1A3956D46DE8}") = "Visualizers", "Visualizers", "{F3D52D22-8ADD-4FE6-ADD4-B073724008C7}"
	ProjectSection(SolutionItems) = preProject
		F:\Program Files\Epic Games\UE_4.24\Engine\Extras\VisualStudioDebugging\UE4.natvis = F:\Program Files\Epic Games\UE_4.24\Engine\Extras\VisualStudioDebugging\UE4.natvis
	EndProjectSection
EndProject
Global
	GlobalSection(SolutionConfigurationPlatforms) = preSolution
		DebugGame Editor|Android = DebugGame Editor|Android
		DebugGame Editor|Win32 = DebugGame Editor|Win32
		DebugGame Editor|Win64 = DebugGame Editor|Win64
		DebugGame|Android = DebugGame|Android
		DebugGame|Win32 = DebugGame|Win32
		DebugGame|Win64 = DebugGame|Win64
		Development Editor|Android = Development Editor|Android
		Development Editor|Win32 = Development Editor|Win32
		Development Editor|Win64 = Development Editor|Win64
		Development|Android = Development|Android
		Development|Win32 = Development|Win32
		Development|Win64 = Development|Win64
		Shipping|Android = Shipping|Android
		Shipping|Win32 = Shipping|Win32
		Shipping|Win64 = Shipping|Win64
	EndGlobalSection
	GlobalSection(ProjectConfigurationPlatforms) = postSolution
		{8902066A-C6CD-4838-81B1-5E7474507273}.DebugGame Editor|Android.ActiveCfg = Invalid|Win32
		{8902066A-C6CD-4838-81B1-5E7474507273}.DebugGame Editor|Win32.ActiveCfg = Invalid|Win32
		{8902066A-C6CD-4838-81B1-5E7474507273}.DebugGame Editor|Win64.ActiveCfg = DebugGame_Editor|x64
		{8902066A-C6CD-4838-81B1-5E7474507273}.DebugGame Editor|Win64.Build.0 = DebugGame_Editor|x64
		{8902066A-C6CD-4838-81B1-5E7474507273}.DebugGame|Android.ActiveCfg = Android_DebugGame|Win32
		{8902066A-C6CD-4838-81B1-5E7474507273}.DebugGame|Android.Build.0 = Android_DebugGame|Win32
		{8902066A-C6CD-4838-81B1-5E7474507273}.DebugGame|Win32.ActiveCfg = DebugGame|Win32
		{8902066A-C6CD-4838-81B1-5E7474507273}.DebugGame|Win32.Build.0 = DebugGame|Win32
		{8902066A-C6CD-4838-81B1-5E7474507273}.DebugGame|Win64.ActiveCfg = DebugGame|x64
		{8902066A-C6CD-4838-81B1-5E7474507273}.DebugGame|Win64.Build.0 = DebugGame|x64
		{8902066A-C6CD-4838-81B1-5E7474507273}.Development Editor|Android.ActiveCfg = Invalid|Win32
		{8902066A-C6CD-4838-81B1-5E7474507273}.Development Editor|Win32.ActiveCfg = Invalid|Win32
		{8902066A-C6CD-4838-81B1-5E7474507273}.Development Editor|Win64.ActiveCfg = Development_Editor|x64
		{8902066A-C6CD-4838-81B1-5E7474507273}.Development Editor|Win64.Build.0 = Development_Editor|x64
		{8902066A-C6CD-4838-81B1-5E7474507273}.Development|Android.ActiveCfg = Android_Development|Win32
		{8902066A-C6CD-4838-81B1-5E7474507273}.Development|Android.Build.0 = Android_Development|Win32
		{8902066A-C6CD-4838-81B1-5E7474507273}.Development|Win32.ActiveCfg = Development|Win32
		{8902066A-C6CD-4838-81B1-5E7474507273}.Development|Win32.Build.0 = Development|Win32
		{8902066A-C6CD-4838-81B1-5E7474507273}.Development|Win64.ActiveCfg = Development|x64
		{8902066A-C6CD-4838-81B1-5E7474507273}.Development|Win64.Build.0 = Development|x64
		{8902066A-C6CD-4838-81B1-5E7474507273}.Shipping|Android.ActiveCfg = Android_Shipping|Win32
		{8902066A-C6CD-4838-81B1-5E7474507273}.Shipping|Android.Build.0 = Android_Shipping|Win32
		{8902066A-C6CD-4838-81B1-5E7474507273}.Shipping|Win32.ActiveCfg = Shipping|Win32
		{8902066A-C6CD-4838-81B1-5E7474507273}.Shipping|Win32.Build.0 = Shipping|Win32
		{8902066A-C6CD-4838-81B1-5E7474507273}.Shipping|Win64.ActiveCfg = Shipping|x64
		{8902066A-C6CD-4838-81B1-5E7474507273}.Shipping|Win64.Build.0 = Shipping|x64
		{D73D22E0-8B14-4C47-A10C-42327B7268CC}.DebugGame Editor|Android.ActiveCfg = BuiltWithUnrealBuildTool|Win32
		{D73D22E0-8B14-4C47-A10C-42327B7268CC}.DebugGame Editor|Win32.ActiveCfg = BuiltWithUnrealBuildTool|Win32
		{D73D22E0-8B14-4C47-A10C-42327B7268CC}.DebugGame Editor|Win64.ActiveCfg = BuiltWithUnrealBuildTool|Win32
		{D73D22E0-8B14-4C47-A10C-42327B7268CC}.DebugGame|Android.ActiveCfg = BuiltWithUnrealBuildTool|Win32
		{D73D22E0-8B14-4C47-A10C-42327B7268CC}.DebugGame|Win32.ActiveCfg = BuiltWithUnrealBuildTool|Win32
		{D73D22E0-8B14-4C47-A10C-42327B7268CC}.DebugGame|Win64.ActiveCfg = BuiltWithUnrealBuildTool|Win32
		{D73D22E0-8B14-4C47-A10C-42327B7268CC}.Development Editor|Android.ActiveCfg = BuiltWithUnrealBuildTool|Win32
		{D73D22E0-8B14-4C47-A10C-42327B7268CC}.Development Editor|Win32.ActiveCfg = BuiltWithUnrealBuildTool|Win32
		{D73D22E0-8B14-4C47-A10C-42327B7268CC}.Development Editor|Win64.ActiveCfg = BuiltWithUnrealBuildTool|Win32
		{D73D22E0-8B14-4C47-A10C-42327B7268CC}.Development|Android.ActiveCfg = BuiltWithUnrealBuildTool|Win32
		{D73D22E0-8B14-4C47-A10C-42327B7268CC}.Development|Win32.ActiveCfg = BuiltWithUnrealBuildTool|Win32
		{D73D22E0-8B14-4C47-A10C-42327B7268CC}.Development|Win64.ActiveCfg = BuiltWithUnrealBuildTool|Win32
		{D73D22E0-8B14-4C47-A10C-42327B7268CC}.Shipping|Android.ActiveCfg = BuiltWithUnrealBuildTool|Win32
		{D73D22E0-8B14-4C47-A10C-42327B7268CC}.Shipping|Win32.ActiveCfg = BuiltWithUnrealBuildTool|Win32
		{D73D22E0-8B14-4C47-A10C-42327B7268CC}.Shipping|Win64.ActiveCfg = BuiltWithUnrealBuildTool|Win32
	EndGlobalSection
	GlobalSection(SolutionProperties) = preSolution
		HideSolutionNode = FALSE
	EndGlobalSection
	GlobalSection(NestedProjects) = preSolution
		{D73D22E0-8B14-4C47-A10C-42327B7268CC} = {BE07888D-FFEB-4623-9CAC-2D55747D63F7}
		{8902066A-C6CD-4838-81B1-5E7474507273} = {FEEE5DA2-B85A-4599-8136-C8EA8FA7C440}
	EndGlobalSection
EndGlobal
